PODS:
  - audio_io (0.0.1):
    - Flutter
  - Flutter (1.0.0)

DEPENDENCIES:
  - audio_io (from `.symlinks/plugins/audio_io/ios`)
  - Flutter (from `Flutter`)

EXTERNAL SOURCES:
  audio_io:
    :path: ".symlinks/plugins/audio_io/ios"
  Flutter:
    :path: Flutter

SPEC CHECKSUMS:
  audio_io: d68ddfa81bf26a02dbdd483f55c5575c51eee646
  Flutter: e0871f40cf51350855a761d2e70bf5af5b9b5de7

PODFILE CHECKSUM: c4c93c5f6502fe2754f48404d3594bf779584011

COCOAPODS: 1.16.2
